
Microsoft Visual Studio Solution File, Format Version 12.00
# Visual Studio Version 16
VisualStudioVersion = 16.0.29613.14
MinimumVisualStudioVersion = 10.0.40219.1
Project("{9A19103F-16F7-4668-BE54-9A1E7A4F7556}") = "TSystem.Entities", "TSystem.Entities\TSystem.Entities.csproj", "{688D61D3-CB8D-4134-8549-0F060568FAB7}"
EndProject
Project("{9A19103F-16F7-4668-BE54-9A1E7A4F7556}") = "TSystem.Core", "TSystem.Core\TSystem.Core.csproj", "{0AA27850-7833-42F6-BA00-C2BDF1EEDD76}"
EndProject
Project("{E24C65DC-7377-472B-9ABA-BC803B73C61A}") = "TSystem.UI.Web", "TSystem.UI.Web\", "{2F180590-6063-4ED3-9911-72BA99DAB15E}"
	ProjectSection(WebsiteProperties) = preProject
		TargetFrameworkMoniker = ".NETFramework,Version%3Dv4.0"
		Debug.AspNetCompiler.VirtualPath = "/localhost_65507"
		Debug.AspNetCompiler.PhysicalPath = "TSystem.UI.Web\"
		Debug.AspNetCompiler.TargetPath = "PrecompiledWeb\localhost_65507\"
		Debug.AspNetCompiler.Updateable = "true"
		Debug.AspNetCompiler.ForceOverwrite = "true"
		Debug.AspNetCompiler.FixedNames = "false"
		Debug.AspNetCompiler.Debug = "True"
		Release.AspNetCompiler.VirtualPath = "/localhost_65507"
		Release.AspNetCompiler.PhysicalPath = "TSystem.UI.Web\"
		Release.AspNetCompiler.TargetPath = "PrecompiledWeb\localhost_65507\"
		Release.AspNetCompiler.Updateable = "true"
		Release.AspNetCompiler.ForceOverwrite = "true"
		Release.AspNetCompiler.FixedNames = "false"
		Release.AspNetCompiler.Debug = "False"
		VWDPort = "65507"
		SlnRelativePath = "TSystem.UI.Web\"
	EndProjectSection
EndProject
Project("{2150E333-8FDC-42A3-9474-1A3956D46DE8}") = "Tests", "Tests", "{75DF4267-AA85-4A4E-89E7-BC20A1AF3D32}"
EndProject
Project("{9A19103F-16F7-4668-BE54-9A1E7A4F7556}") = "TSystem.Core.UnitTests", "Tests\TSystem.Core.UnitTests\TSystem.Core.UnitTests.csproj", "{494081A0-81EC-458D-BF58-44815513819F}"
EndProject
Project("{9A19103F-16F7-4668-BE54-9A1E7A4F7556}") = "TSystem.Common", "TSystem.Common\TSystem.Common.csproj", "{E26A3229-69FB-4A7E-9149-4949009F7B57}"
EndProject
Project("{9A19103F-16F7-4668-BE54-9A1E7A4F7556}") = "TSystem.API", "TSystem.API\TSystem.API.csproj", "{152A08FA-7956-4998-ACFC-E7F21FA0D121}"
EndProject
Project("{9A19103F-16F7-4668-BE54-9A1E7A4F7556}") = "TSystem.UI.Win", "TSystem.UI.Win\TSystem.UI.Win.csproj", "{9CA382AC-1006-4A64-8136-22C5446187FF}"
EndProject
Project("{FAE04EC0-301F-11D3-BF4B-00C04F79EFBC}") = "TSystem.UI.UWP", "TSystem.UI.UWP\TSystem.UI.UWP.csproj", "{486C758F-59C7-46C8-AB96-469054F5C9D0}"
EndProject
Project("{9A19103F-16F7-4668-BE54-9A1E7A4F7556}") = "TSystem.UI.Entities", "TSystem.UI.Entities\TSystem.UI.Entities.csproj", "{FA275663-2C63-49FF-A207-D09872EC3161}"
EndProject
Global
	GlobalSection(SolutionConfigurationPlatforms) = preSolution
		Debug|Any CPU = Debug|Any CPU
		Debug|ARM = Debug|ARM
		Debug|ARM64 = Debug|ARM64
		Debug|x64 = Debug|x64
		Debug|x86 = Debug|x86
		Release|Any CPU = Release|Any CPU
		Release|ARM = Release|ARM
		Release|ARM64 = Release|ARM64
		Release|x64 = Release|x64
		Release|x86 = Release|x86
	EndGlobalSection
	GlobalSection(ProjectConfigurationPlatforms) = postSolution
		{688D61D3-CB8D-4134-8549-0F060568FAB7}.Debug|Any CPU.ActiveCfg = Debug|Any CPU
		{688D61D3-CB8D-4134-8549-0F060568FAB7}.Debug|Any CPU.Build.0 = Debug|Any CPU
		{688D61D3-CB8D-4134-8549-0F060568FAB7}.Debug|ARM.ActiveCfg = Debug|Any CPU
		{688D61D3-CB8D-4134-8549-0F060568FAB7}.Debug|ARM.Build.0 = Debug|Any CPU
		{688D61D3-CB8D-4134-8549-0F060568FAB7}.Debug|ARM64.ActiveCfg = Debug|Any CPU
		{688D61D3-CB8D-4134-8549-0F060568FAB7}.Debug|ARM64.Build.0 = Debug|Any CPU
		{688D61D3-CB8D-4134-8549-0F060568FAB7}.Debug|x64.ActiveCfg = Debug|Any CPU
		{688D61D3-CB8D-4134-8549-0F060568FAB7}.Debug|x64.Build.0 = Debug|Any CPU
		{688D61D3-CB8D-4134-8549-0F060568FAB7}.Debug|x86.ActiveCfg = Debug|Any CPU
		{688D61D3-CB8D-4134-8549-0F060568FAB7}.Debug|x86.Build.0 = Debug|Any CPU
		{688D61D3-CB8D-4134-8549-0F060568FAB7}.Release|Any CPU.ActiveCfg = Release|Any CPU
		{688D61D3-CB8D-4134-8549-0F060568FAB7}.Release|Any CPU.Build.0 = Release|Any CPU
		{688D61D3-CB8D-4134-8549-0F060568FAB7}.Release|ARM.ActiveCfg = Release|Any CPU
		{688D61D3-CB8D-4134-8549-0F060568FAB7}.Release|ARM.Build.0 = Release|Any CPU
		{688D61D3-CB8D-4134-8549-0F060568FAB7}.Release|ARM64.ActiveCfg = Release|Any CPU
		{688D61D3-CB8D-4134-8549-0F060568FAB7}.Release|ARM64.Build.0 = Release|Any CPU
		{688D61D3-CB8D-4134-8549-0F060568FAB7}.Release|x64.ActiveCfg = Release|Any CPU
		{688D61D3-CB8D-4134-8549-0F060568FAB7}.Release|x64.Build.0 = Release|Any CPU
		{688D61D3-CB8D-4134-8549-0F060568FAB7}.Release|x86.ActiveCfg = Release|Any CPU
		{688D61D3-CB8D-4134-8549-0F060568FAB7}.Release|x86.Build.0 = Release|Any CPU
		{0AA27850-7833-42F6-BA00-C2BDF1EEDD76}.Debug|Any CPU.ActiveCfg = Debug|Any CPU
		{0AA27850-7833-42F6-BA00-C2BDF1EEDD76}.Debug|Any CPU.Build.0 = Debug|Any CPU
		{0AA27850-7833-42F6-BA00-C2BDF1EEDD76}.Debug|ARM.ActiveCfg = Debug|Any CPU
		{0AA27850-7833-42F6-BA00-C2BDF1EEDD76}.Debug|ARM.Build.0 = Debug|Any CPU
		{0AA27850-7833-42F6-BA00-C2BDF1EEDD76}.Debug|ARM64.ActiveCfg = Debug|Any CPU
		{0AA27850-7833-42F6-BA00-C2BDF1EEDD76}.Debug|ARM64.Build.0 = Debug|Any CPU
		{0AA27850-7833-42F6-BA00-C2BDF1EEDD76}.Debug|x64.ActiveCfg = Debug|Any CPU
		{0AA27850-7833-42F6-BA00-C2BDF1EEDD76}.Debug|x64.Build.0 = Debug|Any CPU
		{0AA27850-7833-42F6-BA00-C2BDF1EEDD76}.Debug|x86.ActiveCfg = Debug|Any CPU
		{0AA27850-7833-42F6-BA00-C2BDF1EEDD76}.Debug|x86.Build.0 = Debug|Any CPU
		{0AA27850-7833-42F6-BA00-C2BDF1EEDD76}.Release|Any CPU.ActiveCfg = Release|Any CPU
		{0AA27850-7833-42F6-BA00-C2BDF1EEDD76}.Release|Any CPU.Build.0 = Release|Any CPU
		{0AA27850-7833-42F6-BA00-C2BDF1EEDD76}.Release|ARM.ActiveCfg = Release|Any CPU
		{0AA27850-7833-42F6-BA00-C2BDF1EEDD76}.Release|ARM.Build.0 = Release|Any CPU
		{0AA27850-7833-42F6-BA00-C2BDF1EEDD76}.Release|ARM64.ActiveCfg = Release|Any CPU
		{0AA27850-7833-42F6-BA00-C2BDF1EEDD76}.Release|ARM64.Build.0 = Release|Any CPU
		{0AA27850-7833-42F6-BA00-C2BDF1EEDD76}.Release|x64.ActiveCfg = Release|Any CPU
		{0AA27850-7833-42F6-BA00-C2BDF1EEDD76}.Release|x64.Build.0 = Release|Any CPU
		{0AA27850-7833-42F6-BA00-C2BDF1EEDD76}.Release|x86.ActiveCfg = Release|Any CPU
		{0AA27850-7833-42F6-BA00-C2BDF1EEDD76}.Release|x86.Build.0 = Release|Any CPU
		{2F180590-6063-4ED3-9911-72BA99DAB15E}.Debug|Any CPU.ActiveCfg = Debug|Any CPU
		{2F180590-6063-4ED3-9911-72BA99DAB15E}.Debug|ARM.ActiveCfg = Debug|Any CPU
		{2F180590-6063-4ED3-9911-72BA99DAB15E}.Debug|ARM.Build.0 = Debug|Any CPU
		{2F180590-6063-4ED3-9911-72BA99DAB15E}.Debug|ARM64.ActiveCfg = Debug|Any CPU
		{2F180590-6063-4ED3-9911-72BA99DAB15E}.Debug|ARM64.Build.0 = Debug|Any CPU
		{2F180590-6063-4ED3-9911-72BA99DAB15E}.Debug|x64.ActiveCfg = Debug|Any CPU
		{2F180590-6063-4ED3-9911-72BA99DAB15E}.Debug|x64.Build.0 = Debug|Any CPU
		{2F180590-6063-4ED3-9911-72BA99DAB15E}.Debug|x86.ActiveCfg = Debug|Any CPU
		{2F180590-6063-4ED3-9911-72BA99DAB15E}.Release|Any CPU.ActiveCfg = Debug|Any CPU
		{2F180590-6063-4ED3-9911-72BA99DAB15E}.Release|Any CPU.Build.0 = Debug|Any CPU
		{2F180590-6063-4ED3-9911-72BA99DAB15E}.Release|ARM.ActiveCfg = Debug|Any CPU
		{2F180590-6063-4ED3-9911-72BA99DAB15E}.Release|ARM.Build.0 = Debug|Any CPU
		{2F180590-6063-4ED3-9911-72BA99DAB15E}.Release|ARM64.ActiveCfg = Debug|Any CPU
		{2F180590-6063-4ED3-9911-72BA99DAB15E}.Release|ARM64.Build.0 = Debug|Any CPU
		{2F180590-6063-4ED3-9911-72BA99DAB15E}.Release|x64.ActiveCfg = Debug|Any CPU
		{2F180590-6063-4ED3-9911-72BA99DAB15E}.Release|x64.Build.0 = Debug|Any CPU
		{2F180590-6063-4ED3-9911-72BA99DAB15E}.Release|x86.ActiveCfg = Debug|Any CPU
		{494081A0-81EC-458D-BF58-44815513819F}.Debug|Any CPU.ActiveCfg = Debug|Any CPU
		{494081A0-81EC-458D-BF58-44815513819F}.Debug|Any CPU.Build.0 = Debug|Any CPU
		{494081A0-81EC-458D-BF58-44815513819F}.Debug|ARM.ActiveCfg = Debug|Any CPU
		{494081A0-81EC-458D-BF58-44815513819F}.Debug|ARM.Build.0 = Debug|Any CPU
		{494081A0-81EC-458D-BF58-44815513819F}.Debug|ARM64.ActiveCfg = Debug|Any CPU
		{494081A0-81EC-458D-BF58-44815513819F}.Debug|ARM64.Build.0 = Debug|Any CPU
		{494081A0-81EC-458D-BF58-44815513819F}.Debug|x64.ActiveCfg = Debug|Any CPU
		{494081A0-81EC-458D-BF58-44815513819F}.Debug|x64.Build.0 = Debug|Any CPU
		{494081A0-81EC-458D-BF58-44815513819F}.Debug|x86.ActiveCfg = Debug|Any CPU
		{494081A0-81EC-458D-BF58-44815513819F}.Debug|x86.Build.0 = Debug|Any CPU
		{494081A0-81EC-458D-BF58-44815513819F}.Release|Any CPU.ActiveCfg = Release|Any CPU
		{494081A0-81EC-458D-BF58-44815513819F}.Release|Any CPU.Build.0 = Release|Any CPU
		{494081A0-81EC-458D-BF58-44815513819F}.Release|ARM.ActiveCfg = Release|Any CPU
		{494081A0-81EC-458D-BF58-44815513819F}.Release|ARM.Build.0 = Release|Any CPU
		{494081A0-81EC-458D-BF58-44815513819F}.Release|ARM64.ActiveCfg = Release|Any CPU
		{494081A0-81EC-458D-BF58-44815513819F}.Release|ARM64.Build.0 = Release|Any CPU
		{494081A0-81EC-458D-BF58-44815513819F}.Release|x64.ActiveCfg = Release|Any CPU
		{494081A0-81EC-458D-BF58-44815513819F}.Release|x64.Build.0 = Release|Any CPU
		{494081A0-81EC-458D-BF58-44815513819F}.Release|x86.ActiveCfg = Release|Any CPU
		{E26A3229-69FB-4A7E-9149-4949009F7B57}.Debug|Any CPU.ActiveCfg = Debug|Any CPU
		{E26A3229-69FB-4A7E-9149-4949009F7B57}.Debug|Any CPU.Build.0 = Debug|Any CPU
		{E26A3229-69FB-4A7E-9149-4949009F7B57}.Debug|ARM.ActiveCfg = Debug|Any CPU
		{E26A3229-69FB-4A7E-9149-4949009F7B57}.Debug|ARM.Build.0 = Debug|Any CPU
		{E26A3229-69FB-4A7E-9149-4949009F7B57}.Debug|ARM64.ActiveCfg = Debug|Any CPU
		{E26A3229-69FB-4A7E-9149-4949009F7B57}.Debug|ARM64.Build.0 = Debug|Any CPU
		{E26A3229-69FB-4A7E-9149-4949009F7B57}.Debug|x64.ActiveCfg = Debug|Any CPU
		{E26A3229-69FB-4A7E-9149-4949009F7B57}.Debug|x64.Build.0 = Debug|Any CPU
		{E26A3229-69FB-4A7E-9149-4949009F7B57}.Debug|x86.ActiveCfg = Debug|Any CPU
		{E26A3229-69FB-4A7E-9149-4949009F7B57}.Debug|x86.Build.0 = Debug|Any CPU
		{E26A3229-69FB-4A7E-9149-4949009F7B57}.Release|Any CPU.ActiveCfg = Release|Any CPU
		{E26A3229-69FB-4A7E-9149-4949009F7B57}.Release|Any CPU.Build.0 = Release|Any CPU
		{E26A3229-69FB-4A7E-9149-4949009F7B57}.Release|ARM.ActiveCfg = Release|Any CPU
		{E26A3229-69FB-4A7E-9149-4949009F7B57}.Release|ARM.Build.0 = Release|Any CPU
		{E26A3229-69FB-4A7E-9149-4949009F7B57}.Release|ARM64.ActiveCfg = Release|Any CPU
		{E26A3229-69FB-4A7E-9149-4949009F7B57}.Release|ARM64.Build.0 = Release|Any CPU
		{E26A3229-69FB-4A7E-9149-4949009F7B57}.Release|x64.ActiveCfg = Release|Any CPU
		{E26A3229-69FB-4A7E-9149-4949009F7B57}.Release|x64.Build.0 = Release|Any CPU
		{E26A3229-69FB-4A7E-9149-4949009F7B57}.Release|x86.ActiveCfg = Release|Any CPU
		{E26A3229-69FB-4A7E-9149-4949009F7B57}.Release|x86.Build.0 = Release|Any CPU
		{152A08FA-7956-4998-ACFC-E7F21FA0D121}.Debug|Any CPU.ActiveCfg = Debug|Any CPU
		{152A08FA-7956-4998-ACFC-E7F21FA0D121}.Debug|Any CPU.Build.0 = Debug|Any CPU
		{152A08FA-7956-4998-ACFC-E7F21FA0D121}.Debug|ARM.ActiveCfg = Debug|Any CPU
		{152A08FA-7956-4998-ACFC-E7F21FA0D121}.Debug|ARM.Build.0 = Debug|Any CPU
		{152A08FA-7956-4998-ACFC-E7F21FA0D121}.Debug|ARM64.ActiveCfg = Debug|Any CPU
		{152A08FA-7956-4998-ACFC-E7F21FA0D121}.Debug|ARM64.Build.0 = Debug|Any CPU
		{152A08FA-7956-4998-ACFC-E7F21FA0D121}.Debug|x64.ActiveCfg = Debug|Any CPU
		{152A08FA-7956-4998-ACFC-E7F21FA0D121}.Debug|x64.Build.0 = Debug|Any CPU
		{152A08FA-7956-4998-ACFC-E7F21FA0D121}.Debug|x86.ActiveCfg = Debug|Any CPU
		{152A08FA-7956-4998-ACFC-E7F21FA0D121}.Debug|x86.Build.0 = Debug|Any CPU
		{152A08FA-7956-4998-ACFC-E7F21FA0D121}.Release|Any CPU.ActiveCfg = Release|Any CPU
		{152A08FA-7956-4998-ACFC-E7F21FA0D121}.Release|Any CPU.Build.0 = Release|Any CPU
		{152A08FA-7956-4998-ACFC-E7F21FA0D121}.Release|ARM.ActiveCfg = Release|Any CPU
		{152A08FA-7956-4998-ACFC-E7F21FA0D121}.Release|ARM.Build.0 = Release|Any CPU
		{152A08FA-7956-4998-ACFC-E7F21FA0D121}.Release|ARM64.ActiveCfg = Release|Any CPU
		{152A08FA-7956-4998-ACFC-E7F21FA0D121}.Release|ARM64.Build.0 = Release|Any CPU
		{152A08FA-7956-4998-ACFC-E7F21FA0D121}.Release|x64.ActiveCfg = Release|Any CPU
		{152A08FA-7956-4998-ACFC-E7F21FA0D121}.Release|x64.Build.0 = Release|Any CPU
		{152A08FA-7956-4998-ACFC-E7F21FA0D121}.Release|x86.ActiveCfg = Release|Any CPU
		{152A08FA-7956-4998-ACFC-E7F21FA0D121}.Release|x86.Build.0 = Release|Any CPU
		{9CA382AC-1006-4A64-8136-22C5446187FF}.Debug|Any CPU.ActiveCfg = Debug|Any CPU
		{9CA382AC-1006-4A64-8136-22C5446187FF}.Debug|Any CPU.Build.0 = Debug|Any CPU
		{9CA382AC-1006-4A64-8136-22C5446187FF}.Debug|ARM.ActiveCfg = Debug|Any CPU
		{9CA382AC-1006-4A64-8136-22C5446187FF}.Debug|ARM.Build.0 = Debug|Any CPU
		{9CA382AC-1006-4A64-8136-22C5446187FF}.Debug|ARM64.ActiveCfg = Debug|Any CPU
		{9CA382AC-1006-4A64-8136-22C5446187FF}.Debug|ARM64.Build.0 = Debug|Any CPU
		{9CA382AC-1006-4A64-8136-22C5446187FF}.Debug|x64.ActiveCfg = Debug|Any CPU
		{9CA382AC-1006-4A64-8136-22C5446187FF}.Debug|x64.Build.0 = Debug|Any CPU
		{9CA382AC-1006-4A64-8136-22C5446187FF}.Debug|x86.ActiveCfg = Debug|Any CPU
		{9CA382AC-1006-4A64-8136-22C5446187FF}.Debug|x86.Build.0 = Debug|Any CPU
		{9CA382AC-1006-4A64-8136-22C5446187FF}.Release|Any CPU.ActiveCfg = Release|Any CPU
		{9CA382AC-1006-4A64-8136-22C5446187FF}.Release|Any CPU.Build.0 = Release|Any CPU
		{9CA382AC-1006-4A64-8136-22C5446187FF}.Release|ARM.ActiveCfg = Release|Any CPU
		{9CA382AC-1006-4A64-8136-22C5446187FF}.Release|ARM.Build.0 = Release|Any CPU
		{9CA382AC-1006-4A64-8136-22C5446187FF}.Release|ARM64.ActiveCfg = Release|Any CPU
		{9CA382AC-1006-4A64-8136-22C5446187FF}.Release|ARM64.Build.0 = Release|Any CPU
		{9CA382AC-1006-4A64-8136-22C5446187FF}.Release|x64.ActiveCfg = Release|Any CPU
		{9CA382AC-1006-4A64-8136-22C5446187FF}.Release|x64.Build.0 = Release|Any CPU
		{9CA382AC-1006-4A64-8136-22C5446187FF}.Release|x86.ActiveCfg = Release|Any CPU
		{9CA382AC-1006-4A64-8136-22C5446187FF}.Release|x86.Build.0 = Release|Any CPU
		{486C758F-59C7-46C8-AB96-469054F5C9D0}.Debug|Any CPU.ActiveCfg = Debug|x86
		{486C758F-59C7-46C8-AB96-469054F5C9D0}.Debug|Any CPU.Deploy.0 = Debug|x86
		{486C758F-59C7-46C8-AB96-469054F5C9D0}.Debug|ARM.ActiveCfg = Debug|ARM
		{486C758F-59C7-46C8-AB96-469054F5C9D0}.Debug|ARM.Build.0 = Debug|ARM
		{486C758F-59C7-46C8-AB96-469054F5C9D0}.Debug|ARM.Deploy.0 = Debug|ARM
		{486C758F-59C7-46C8-AB96-469054F5C9D0}.Debug|ARM64.ActiveCfg = Debug|ARM64
		{486C758F-59C7-46C8-AB96-469054F5C9D0}.Debug|ARM64.Build.0 = Debug|ARM64
		{486C758F-59C7-46C8-AB96-469054F5C9D0}.Debug|ARM64.Deploy.0 = Debug|ARM64
		{486C758F-59C7-46C8-AB96-469054F5C9D0}.Debug|x64.ActiveCfg = Debug|x64
		{486C758F-59C7-46C8-AB96-469054F5C9D0}.Debug|x64.Build.0 = Debug|x64
		{486C758F-59C7-46C8-AB96-469054F5C9D0}.Debug|x64.Deploy.0 = Debug|x64
		{486C758F-59C7-46C8-AB96-469054F5C9D0}.Debug|x86.ActiveCfg = Debug|x86
		{486C758F-59C7-46C8-AB96-469054F5C9D0}.Debug|x86.Build.0 = Debug|x86
		{486C758F-59C7-46C8-AB96-469054F5C9D0}.Debug|x86.Deploy.0 = Debug|x86
		{486C758F-59C7-46C8-AB96-469054F5C9D0}.Release|Any CPU.ActiveCfg = Release|x86
		{486C758F-59C7-46C8-AB96-469054F5C9D0}.Release|ARM.ActiveCfg = Release|ARM
		{486C758F-59C7-46C8-AB96-469054F5C9D0}.Release|ARM.Build.0 = Release|ARM
		{486C758F-59C7-46C8-AB96-469054F5C9D0}.Release|ARM.Deploy.0 = Release|ARM
		{486C758F-59C7-46C8-AB96-469054F5C9D0}.Release|ARM64.ActiveCfg = Release|ARM64
		{486C758F-59C7-46C8-AB96-469054F5C9D0}.Release|ARM64.Build.0 = Release|ARM64
		{486C758F-59C7-46C8-AB96-469054F5C9D0}.Release|ARM64.Deploy.0 = Release|ARM64
		{486C758F-59C7-46C8-AB96-469054F5C9D0}.Release|x64.ActiveCfg = Release|x64
		{486C758F-59C7-46C8-AB96-469054F5C9D0}.Release|x64.Build.0 = Release|x64
		{486C758F-59C7-46C8-AB96-469054F5C9D0}.Release|x64.Deploy.0 = Release|x64
		{486C758F-59C7-46C8-AB96-469054F5C9D0}.Release|x86.ActiveCfg = Release|x86
		{FA275663-2C63-49FF-A207-D09872EC3161}.Debug|Any CPU.ActiveCfg = Debug|Any CPU
		{FA275663-2C63-49FF-A207-D09872EC3161}.Debug|Any CPU.Build.0 = Debug|Any CPU
		{FA275663-2C63-49FF-A207-D09872EC3161}.Debug|ARM.ActiveCfg = Debug|Any CPU
		{FA275663-2C63-49FF-A207-D09872EC3161}.Debug|ARM.Build.0 = Debug|Any CPU
		{FA275663-2C63-49FF-A207-D09872EC3161}.Debug|ARM64.ActiveCfg = Debug|Any CPU
		{FA275663-2C63-49FF-A207-D09872EC3161}.Debug|ARM64.Build.0 = Debug|Any CPU
		{FA275663-2C63-49FF-A207-D09872EC3161}.Debug|x64.ActiveCfg = Debug|Any CPU
		{FA275663-2C63-49FF-A207-D09872EC3161}.Debug|x64.Build.0 = Debug|Any CPU
		{FA275663-2C63-49FF-A207-D09872EC3161}.Debug|x86.ActiveCfg = Debug|Any CPU
		{FA275663-2C63-49FF-A207-D09872EC3161}.Debug|x86.Build.0 = Debug|Any CPU
		{FA275663-2C63-49FF-A207-D09872EC3161}.Release|Any CPU.ActiveCfg = Release|Any CPU
		{FA275663-2C63-49FF-A207-D09872EC3161}.Release|Any CPU.Build.0 = Release|Any CPU
		{FA275663-2C63-49FF-A207-D09872EC3161}.Release|ARM.ActiveCfg = Release|Any CPU
		{FA275663-2C63-49FF-A207-D09872EC3161}.Release|ARM.Build.0 = Release|Any CPU
		{FA275663-2C63-49FF-A207-D09872EC3161}.Release|ARM64.ActiveCfg = Release|Any CPU
		{FA275663-2C63-49FF-A207-D09872EC3161}.Release|ARM64.Build.0 = Release|Any CPU
		{FA275663-2C63-49FF-A207-D09872EC3161}.Release|x64.ActiveCfg = Release|Any CPU
		{FA275663-2C63-49FF-A207-D09872EC3161}.Release|x64.Build.0 = Release|Any CPU
		{FA275663-2C63-49FF-A207-D09872EC3161}.Release|x86.ActiveCfg = Release|Any CPU
		{FA275663-2C63-49FF-A207-D09872EC3161}.Release|x86.Build.0 = Release|Any CPU
	EndGlobalSection
	GlobalSection(SolutionProperties) = preSolution
		HideSolutionNode = FALSE
	EndGlobalSection
	GlobalSection(NestedProjects) = preSolution
		{494081A0-81EC-458D-BF58-44815513819F} = {75DF4267-AA85-4A4E-89E7-BC20A1AF3D32}
	EndGlobalSection
	GlobalSection(ExtensibilityGlobals) = postSolution
		SolutionGuid = {3575CDA5-70C8-4AE1-B7C0-397F8C5B1236}
	EndGlobalSection
EndGlobal
